
Microsoft Visual Studio Solution File, Format Version 12.00
# Visual Studio Version 16
VisualStudioVersion = 16.0.31112.23
MinimumVisualStudioVersion = 10.0.40219.1
Project("{FAE04EC0-301F-11D3-BF4B-00C04F79EFBC}") = "eBluApp", "eBluApp\eBluApp.csproj", "{A5CC7261-8976-4C55-85B1-78FDADBB2FDF}"
EndProject
Global
	GlobalSection(SolutionConfigurationPlatforms) = preSolution
		Debug|Any CPU = Debug|Any CPU
		Release|Any CPU = Release|Any CPU
	EndGlobalSection
	GlobalSection(ProjectConfigurationPlatforms) = postSolution
		{A5CC7261-8976-4C55-85B1-78FDADBB2FDF}.Debug|Any CPU.ActiveCfg = Debug|Any CPU
		{A5CC7261-8976-4C55-85B1-78FDADBB2FDF}.Debug|Any CPU.Build.0 = Debug|Any CPU
		{A5CC7261-8976-4C55-85B1-78FDADBB2FDF}.Release|Any CPU.ActiveCfg = Release|Any CPU
		{A5CC7261-8976-4C55-85B1-78FDADBB2FDF}.Release|Any CPU.Build.0 = Release|Any CPU
	EndGlobalSection
	GlobalSection(SolutionProperties) = preSolution
		HideSolutionNode = FALSE
	EndGlobalSection
	GlobalSection(ExtensibilityGlobals) = postSolution
		SolutionGuid = {2B992831-1D73-4E28-B2AF-F0325A3BEEDF}
	EndGlobalSection
EndGlobal
